<?xml version="1.0" encoding="utf-8"?>
<Project ToolsVersion="4.0" xmlns="http://schemas.microsoft.com/developer/msbuild/2003">
  <ItemGroup>
    <Filter Include="Source Files">
      <UniqueIdentifier>{4FC737F1-C7A5-4376-A066-2A32D752A2FF}</UniqueIdentifier>
      <Extensions>cpp;c;cc;cxx;def;odl;idl;hpj;bat;asm;asmx</Extensions>
    </Filter>
    <Filter Include="Header Files">
      <UniqueIdentifier>{93995380-89BD-4b04-88EB-625FBE52EBFB}</UniqueIdentifier>
      <Extensions>h;hh;hpp;hxx;hm;inl;inc;xsd</Extensions>
    </Filter>
    <Filter Include="Resource Files">
      <UniqueIdentifier>{67DA6AB6-F800-4c08-8B7A-83BB121AAD01}</UniqueIdentifier>
      <Extensions>rc;ico;cur;bmp;dlg;rc2;rct;bin;rgs;gif;jpg;jpeg;jpe;resx;tiff;tif;png;wav;mfcribbon-ms</Extensions>
    </Filter>
    <Filter Include="Resource Files\shaders">
      <UniqueIdentifier>{d07b30fc-ef29-4fb5-b55c-a81c1c37738d}</UniqueIdentifier>
    </Filter>
    <Filter Include="Resource Files\shaders\vertex">
      <UniqueIdentifier>{d5d04d9c-6bd8-4176-a84e-034cdfa65d6b}</UniqueIdentifier>
    </Filter>
    <Filter Include="Resource Files\shaders\pixel">
      <UniqueIdentifier>{74e23447-c23f-4712-ae01-0bfc259a3533}</UniqueIdentifier>
    </Filter>
  </ItemGroup>
  <ItemGroup>
    <ClCompile Include="bitmap_class.cpp">
      <Filter>Source Files</Filter>
    </ClCompile>
    <ClCompile Include="camera_class.cpp">
      <Filter>Source Files</Filter>
    </ClCompile>
    <ClCompile Include="cpu_class.cpp">
      <Filter>Source Files</Filter>
    </ClCompile>
    <ClCompile Include="d3d_class.cpp">
      <Filter>Source Files</Filter>
    </ClCompile>
    <ClCompile Include="debug_window_class.cpp">
      <Filter>Source Files</Filter>
    </ClCompile>
    <ClCompile Include="font_class.cpp">
      <Filter>Source Files</Filter>
    </ClCompile>
    <ClCompile Include="font_shader_class.cpp">
      <Filter>Source Files</Filter>
    </ClCompile>
    <ClCompile Include="fps_class.cpp">
      <Filter>Source Files</Filter>
    </ClCompile>
    <ClCompile Include="frustum_class.cpp">
      <Filter>Source Files</Filter>
    </ClCompile>
    <ClCompile Include="graphics_class.cpp">
      <Filter>Source Files</Filter>
    </ClCompile>
    <ClCompile Include="input_class.cpp">
      <Filter>Source Files</Filter>
    </ClCompile>
    <ClCompile Include="light_class.cpp">
      <Filter>Source Files</Filter>
    </ClCompile>
    <ClCompile Include="main.cpp">
      <Filter>Source Files</Filter>
    </ClCompile>
    <ClCompile Include="ortho_window_class.cpp">
      <Filter>Source Files</Filter>
    </ClCompile>
    <ClCompile Include="position_class.cpp">
      <Filter>Source Files</Filter>
    </ClCompile>
    <ClCompile Include="render_texture_class.cpp">
      <Filter>Source Files</Filter>
    </ClCompile>
    <ClCompile Include="shader_manager_class.cpp">
      <Filter>Source Files</Filter>
    </ClCompile>
    <ClCompile Include="system_class.cpp">
      <Filter>Source Files</Filter>
    </ClCompile>
    <ClCompile Include="terrain_cell_class.cpp">
      <Filter>Source Files</Filter>
    </ClCompile>
    <ClCompile Include="terrain_class.cpp">
      <Filter>Source Files</Filter>
    </ClCompile>
    <ClCompile Include="terrain_shader_class.cpp">
      <Filter>Source Files</Filter>
    </ClCompile>
    <ClCompile Include="text_class.cpp">
      <Filter>Source Files</Filter>
    </ClCompile>
    <ClCompile Include="texture_class.cpp">
      <Filter>Source Files</Filter>
    </ClCompile>
    <ClCompile Include="texture_manager_class.cpp">
      <Filter>Source Files</Filter>
    </ClCompile>
    <ClCompile Include="texture_shader_class.cpp">
      <Filter>Source Files</Filter>
    </ClCompile>
    <ClCompile Include="timer_class.cpp">
      <Filter>Source Files</Filter>
    </ClCompile>
    <ClCompile Include="skybox_class.cpp">
      <Filter>Source Files</Filter>
    </ClCompile>
    <ClCompile Include="skybox_shader_class.cpp">
      <Filter>Source Files</Filter>
    </ClCompile>
    <ClCompile Include="deferred_buffers_class.cpp">
      <Filter>Source Files</Filter>
    </ClCompile>
    <ClCompile Include="depth_fusion_class.cpp">
      <Filter>Source Files</Filter>
    </ClCompile>
    <ClCompile Include="color_shader_class.cpp">
      <Filter>Source Files</Filter>
    </ClCompile>
  </ItemGroup>
  <ItemGroup>
    <ClInclude Include="headers\bitmap_class.h">
      <Filter>Header Files</Filter>
    </ClInclude>
    <ClInclude Include="headers\camera_class.h">
      <Filter>Header Files</Filter>
    </ClInclude>
    <ClInclude Include="headers\cpu_class.h">
      <Filter>Header Files</Filter>
    </ClInclude>
    <ClInclude Include="headers\d3d_class.h">
      <Filter>Header Files</Filter>
    </ClInclude>
    <ClInclude Include="headers\debug_window_class.h">
      <Filter>Header Files</Filter>
    </ClInclude>
    <ClInclude Include="headers\font_class.h">
      <Filter>Header Files</Filter>
    </ClInclude>
    <ClInclude Include="headers\font_shader_class.h">
      <Filter>Header Files</Filter>
    </ClInclude>
    <ClInclude Include="headers\fps_class.h">
      <Filter>Header Files</Filter>
    </ClInclude>
    <ClInclude Include="headers\frustum_class.h">
      <Filter>Header Files</Filter>
    </ClInclude>
    <ClInclude Include="headers\graphics_class.h">
      <Filter>Header Files</Filter>
    </ClInclude>
    <ClInclude Include="headers\input_class.h">
      <Filter>Header Files</Filter>
    </ClInclude>
    <ClInclude Include="headers\light_class.h">
      <Filter>Header Files</Filter>
    </ClInclude>
    <ClInclude Include="headers\ortho_window_class.h">
      <Filter>Header Files</Filter>
    </ClInclude>
    <ClInclude Include="headers\position_class.h">
      <Filter>Header Files</Filter>
    </ClInclude>
    <ClInclude Include="headers\render_texture_class.h">
      <Filter>Header Files</Filter>
    </ClInclude>
    <ClInclude Include="headers\skybox_class.h">
      <Filter>Header Files</Filter>
    </ClInclude>
    <ClInclude Include="headers\system_class.h">
      <Filter>Header Files</Filter>
    </ClInclude>
    <ClInclude Include="headers\terrain_cell_class.h">
      <Filter>Header Files</Filter>
    </ClInclude>
    <ClInclude Include="headers\terrain_class.h">
      <Filter>Header Files</Filter>
    </ClInclude>
    <ClInclude Include="headers\terrain_shader_class.h">
      <Filter>Header Files</Filter>
    </ClInclude>
    <ClInclude Include="headers\text_class.h">
      <Filter>Header Files</Filter>
    </ClInclude>
    <ClInclude Include="headers\texture_class.h">
      <Filter>Header Files</Filter>
    </ClInclude>
    <ClInclude Include="headers\texture_manager_class.h">
      <Filter>Header Files</Filter>
    </ClInclude>
    <ClInclude Include="headers\texture_shader_class.h">
      <Filter>Header Files</Filter>
    </ClInclude>
    <ClInclude Include="headers\timer_class.h">
      <Filter>Header Files</Filter>
    </ClInclude>
    <ClInclude Include="headers\skybox_shader_class.h">
      <Filter>Header Files</Filter>
    </ClInclude>
    <ClInclude Include="headers\deferred_buffers_class.h">
      <Filter>Header Files</Filter>
    </ClInclude>
    <ClInclude Include="headers\depth_fusion_class.h">
      <Filter>Header Files</Filter>
    </ClInclude>
    <ClInclude Include="headers\color_shader_class.h">
      <Filter>Header Files</Filter>
    </ClInclude>
  </ItemGroup>
  <ItemGroup>
    <None Include="shaders\pixel\deferred.ps">
      <Filter>Resource Files\shaders\pixel</Filter>
    </None>
    <None Include="shaders\pixel\font.ps">
      <Filter>Resource Files\shaders\pixel</Filter>
    </None>
    <None Include="shaders\pixel\shadow.ps">
      <Filter>Resource Files\shaders\pixel</Filter>
    </None>
    <None Include="shaders\pixel\skybox.ps">
      <Filter>Resource Files\shaders\pixel</Filter>
    </None>
    <None Include="shaders\pixel\terrain.ps">
      <Filter>Resource Files\shaders\pixel</Filter>
    </None>
    <None Include="shaders\pixel\texture.ps">
      <Filter>Resource Files\shaders\pixel</Filter>
    </None>
    <None Include="shaders\vertex\deferred.vs">
      <Filter>Resource Files\shaders\vertex</Filter>
    </None>
    <None Include="shaders\vertex\font.vs">
      <Filter>Resource Files\shaders\vertex</Filter>
    </None>
    <None Include="shaders\vertex\shadow.vs">
      <Filter>Resource Files\shaders\vertex</Filter>
    </None>
    <None Include="shaders\vertex\skybox.vs">
      <Filter>Resource Files\shaders\vertex</Filter>
    </None>
    <None Include="shaders\vertex\terrain.vs">
      <Filter>Resource Files\shaders\vertex</Filter>
    </None>
    <None Include="shaders\vertex\texture.vs">
      <Filter>Resource Files\shaders\vertex</Filter>
    </None>
    <None Include="shaders\pixel\color.ps">
      <Filter>Resource Files\shaders\pixel</Filter>
    </None>
    <None Include="shaders\vertex\color.vs">
      <Filter>Resource Files\shaders\vertex</Filter>
    </None>
  </ItemGroup>
</Project>